// !$*UTF8*$!
{
	archiveVersion = 1;
	classes = {
	};
	objectVersion = 56;
	objects = {

/* Begin PBXBuildFile section */
		A30469AF2AC565EA00236412 /* MainView.swift in Sources */ = {isa = PBXBuildFile; fileRef = A30469AE2AC565EA00236412 /* MainView.swift */; };
		A31DDF682AD6B68500CEAC70 /* UseFollowBuskingView.swift in Sources */ = {isa = PBXBuildFile; fileRef = A31DDF672AD6B68500CEAC70 /* UseFollowBuskingView.swift */; };
		A31DDF6A2AD6B8B100CEAC70 /* Router.swift in Sources */ = {isa = PBXBuildFile; fileRef = A31DDF692AD6B8B100CEAC70 /* Router.swift */; };
		A31DDF6C2AD6BB8800CEAC70 /* ArtistBuskingView.swift in Sources */ = {isa = PBXBuildFile; fileRef = A31DDF6B2AD6BB8800CEAC70 /* ArtistBuskingView.swift */; };
		A33917D82ACC1FFA00B0E1DC /* ArtistViewModel.swift in Sources */ = {isa = PBXBuildFile; fileRef = A33917D72ACC1FFA00B0E1DC /* ArtistViewModel.swift */; };
		A33917DA2ACC200C00B0E1DC /* ArtistModel.swift in Sources */ = {isa = PBXBuildFile; fileRef = A33917D92ACC200C00B0E1DC /* ArtistModel.swift */; };
		A33917DC2ACC202E00B0E1DC /* FollowingView.swift in Sources */ = {isa = PBXBuildFile; fileRef = A33917DB2ACC202E00B0E1DC /* FollowingView.swift */; };
		A345576B2AD5830C00F3E4DA /* BuskingModel.swift in Sources */ = {isa = PBXBuildFile; fileRef = A345576A2AD5830C00F3E4DA /* BuskingModel.swift */; };
		A345576D2AD585BB00F3E4DA /* BuskingViewModel.swift in Sources */ = {isa = PBXBuildFile; fileRef = A345576C2AD585BB00F3E4DA /* BuskingViewModel.swift */; };
		A399C5AD2AD84472001EF1E6 /* MemberModel.swift in Sources */ = {isa = PBXBuildFile; fileRef = A399C5AC2AD84472001EF1E6 /* MemberModel.swift */; };
		A399C5AF2AD84547001EF1E6 /* MemberViewModel.swift in Sources */ = {isa = PBXBuildFile; fileRef = A399C5AE2AD84547001EF1E6 /* MemberViewModel.swift */; };
		A3AD9BE62AC2D552008B5134 /* MacLoginPracApp.swift in Sources */ = {isa = PBXBuildFile; fileRef = A3AD9BE52AC2D552008B5134 /* MacLoginPracApp.swift */; };
		A3AD9BE82AC2D552008B5134 /* SignUpView.swift in Sources */ = {isa = PBXBuildFile; fileRef = A3AD9BE72AC2D552008B5134 /* SignUpView.swift */; };
		A3AD9BEA2AC2D553008B5134 /* Assets.xcassets in Resources */ = {isa = PBXBuildFile; fileRef = A3AD9BE92AC2D553008B5134 /* Assets.xcassets */; };
		A3AD9BED2AC2D553008B5134 /* Preview Assets.xcassets in Resources */ = {isa = PBXBuildFile; fileRef = A3AD9BEC2AC2D553008B5134 /* Preview Assets.xcassets */; };
		A3AD9BF52AC2D56D008B5134 /* Alamofire in Frameworks */ = {isa = PBXBuildFile; productRef = A3AD9BF42AC2D56D008B5134 /* Alamofire */; };
		A3AD9BF72AC2EE79008B5134 /* UserModel.swift in Sources */ = {isa = PBXBuildFile; fileRef = A3AD9BF62AC2EE78008B5134 /* UserModel.swift */; };
		A3AD9BF92AC2F7BC008B5134 /* LoginViewModel.swift in Sources */ = {isa = PBXBuildFile; fileRef = A3AD9BF82AC2F7BC008B5134 /* LoginViewModel.swift */; };
		A3AD9BFB2AC2FA6C008B5134 /* ProfileImageView.swift in Sources */ = {isa = PBXBuildFile; fileRef = A3AD9BFA2AC2FA6C008B5134 /* ProfileImageView.swift */; };
		A3AD9BFD2AC2FAF5008B5134 /* ProfileCreateView.swift in Sources */ = {isa = PBXBuildFile; fileRef = A3AD9BFC2AC2FAF5008B5134 /* ProfileCreateView.swift */; };
		A3C3F2C32AD1679B000185EF /* FollowViewModel.swift in Sources */ = {isa = PBXBuildFile; fileRef = A3C3F2C22AD1679B000185EF /* FollowViewModel.swift */; };
		A3D23EE12AC4721900BE8D59 /* LoginView.swift in Sources */ = {isa = PBXBuildFile; fileRef = A3D23EE02AC4721900BE8D59 /* LoginView.swift */; };
/* End PBXBuildFile section */

/* Begin PBXFileReference section */
		A30469AE2AC565EA00236412 /* MainView.swift */ = {isa = PBXFileReference; lastKnownFileType = sourcecode.swift; path = MainView.swift; sourceTree = "<group>"; };
		A31DDF672AD6B68500CEAC70 /* UseFollowBuskingView.swift */ = {isa = PBXFileReference; lastKnownFileType = sourcecode.swift; path = UseFollowBuskingView.swift; sourceTree = "<group>"; };
		A31DDF692AD6B8B100CEAC70 /* Router.swift */ = {isa = PBXFileReference; lastKnownFileType = sourcecode.swift; path = Router.swift; sourceTree = "<group>"; };
		A31DDF6B2AD6BB8800CEAC70 /* ArtistBuskingView.swift */ = {isa = PBXFileReference; lastKnownFileType = sourcecode.swift; path = ArtistBuskingView.swift; sourceTree = "<group>"; };
		A33917D72ACC1FFA00B0E1DC /* ArtistViewModel.swift */ = {isa = PBXFileReference; lastKnownFileType = sourcecode.swift; path = ArtistViewModel.swift; sourceTree = "<group>"; };
		A33917D92ACC200C00B0E1DC /* ArtistModel.swift */ = {isa = PBXFileReference; lastKnownFileType = sourcecode.swift; path = ArtistModel.swift; sourceTree = "<group>"; };
		A33917DB2ACC202E00B0E1DC /* FollowingView.swift */ = {isa = PBXFileReference; lastKnownFileType = sourcecode.swift; path = FollowingView.swift; sourceTree = "<group>"; };
		A345576A2AD5830C00F3E4DA /* BuskingModel.swift */ = {isa = PBXFileReference; lastKnownFileType = sourcecode.swift; path = BuskingModel.swift; sourceTree = "<group>"; };
		A345576C2AD585BB00F3E4DA /* BuskingViewModel.swift */ = {isa = PBXFileReference; lastKnownFileType = sourcecode.swift; path = BuskingViewModel.swift; sourceTree = "<group>"; };
		A399C5AC2AD84472001EF1E6 /* MemberModel.swift */ = {isa = PBXFileReference; lastKnownFileType = sourcecode.swift; path = MemberModel.swift; sourceTree = "<group>"; };
		A399C5AE2AD84547001EF1E6 /* MemberViewModel.swift */ = {isa = PBXFileReference; lastKnownFileType = sourcecode.swift; path = MemberViewModel.swift; sourceTree = "<group>"; };
		A3AD9BE22AC2D552008B5134 /* MacLoginPrac.app */ = {isa = PBXFileReference; explicitFileType = wrapper.application; includeInIndex = 0; path = MacLoginPrac.app; sourceTree = BUILT_PRODUCTS_DIR; };
		A3AD9BE52AC2D552008B5134 /* MacLoginPracApp.swift */ = {isa = PBXFileReference; lastKnownFileType = sourcecode.swift; path = MacLoginPracApp.swift; sourceTree = "<group>"; };
		A3AD9BE72AC2D552008B5134 /* SignUpView.swift */ = {isa = PBXFileReference; lastKnownFileType = sourcecode.swift; path = SignUpView.swift; sourceTree = "<group>"; };
		A3AD9BE92AC2D553008B5134 /* Assets.xcassets */ = {isa = PBXFileReference; lastKnownFileType = folder.assetcatalog; path = Assets.xcassets; sourceTree = "<group>"; };
		A3AD9BEC2AC2D553008B5134 /* Preview Assets.xcassets */ = {isa = PBXFileReference; lastKnownFileType = folder.assetcatalog; path = "Preview Assets.xcassets"; sourceTree = "<group>"; };
		A3AD9BF62AC2EE78008B5134 /* UserModel.swift */ = {isa = PBXFileReference; lastKnownFileType = sourcecode.swift; path = UserModel.swift; sourceTree = "<group>"; };
		A3AD9BF82AC2F7BC008B5134 /* LoginViewModel.swift */ = {isa = PBXFileReference; lastKnownFileType = sourcecode.swift; path = LoginViewModel.swift; sourceTree = "<group>"; };
		A3AD9BFA2AC2FA6C008B5134 /* ProfileImageView.swift */ = {isa = PBXFileReference; lastKnownFileType = sourcecode.swift; path = ProfileImageView.swift; sourceTree = "<group>"; };
		A3AD9BFC2AC2FAF5008B5134 /* ProfileCreateView.swift */ = {isa = PBXFileReference; lastKnownFileType = sourcecode.swift; path = ProfileCreateView.swift; sourceTree = "<group>"; };
		A3C3F2C22AD1679B000185EF /* FollowViewModel.swift */ = {isa = PBXFileReference; lastKnownFileType = sourcecode.swift; path = FollowViewModel.swift; sourceTree = "<group>"; };
		A3D23EE02AC4721900BE8D59 /* LoginView.swift */ = {isa = PBXFileReference; lastKnownFileType = sourcecode.swift; path = LoginView.swift; sourceTree = "<group>"; };
/* End PBXFileReference section */

/* Begin PBXFrameworksBuildPhase section */
		A3AD9BDF2AC2D552008B5134 /* Frameworks */ = {
			isa = PBXFrameworksBuildPhase;
			buildActionMask = 2147483647;
			files = (
				A3AD9BF52AC2D56D008B5134 /* Alamofire in Frameworks */,
			);
			runOnlyForDeploymentPostprocessing = 0;
		};
/* End PBXFrameworksBuildPhase section */

/* Begin PBXGroup section */
		A3AD9BD92AC2D552008B5134 = {
			isa = PBXGroup;
			children = (
				A3AD9BE42AC2D552008B5134 /* MacLoginPrac */,
				A3AD9BE32AC2D552008B5134 /* Products */,
			);
			sourceTree = "<group>";
		};
		A3AD9BE32AC2D552008B5134 /* Products */ = {
			isa = PBXGroup;
			children = (
				A3AD9BE22AC2D552008B5134 /* MacLoginPrac.app */,
			);
			name = Products;
			sourceTree = "<group>";
		};
		A3AD9BE42AC2D552008B5134 /* MacLoginPrac */ = {
			isa = PBXGroup;
			children = (
				A3AD9BE52AC2D552008B5134 /* MacLoginPracApp.swift */,
				A33917D92ACC200C00B0E1DC /* ArtistModel.swift */,
				A3AD9BF62AC2EE78008B5134 /* UserModel.swift */,
				A399C5AC2AD84472001EF1E6 /* MemberModel.swift */,
				A345576A2AD5830C00F3E4DA /* BuskingModel.swift */,
				A33917D72ACC1FFA00B0E1DC /* ArtistViewModel.swift */,
				A3AD9BF82AC2F7BC008B5134 /* LoginViewModel.swift */,
				A3C3F2C22AD1679B000185EF /* FollowViewModel.swift */,
				A345576C2AD585BB00F3E4DA /* BuskingViewModel.swift */,
				A399C5AE2AD84547001EF1E6 /* MemberViewModel.swift */,
				A3AD9BFC2AC2FAF5008B5134 /* ProfileCreateView.swift */,
				A3AD9BFA2AC2FA6C008B5134 /* ProfileImageView.swift */,
				A3D23EE02AC4721900BE8D59 /* LoginView.swift */,
				A3AD9BE72AC2D552008B5134 /* SignUpView.swift */,
				A33917DB2ACC202E00B0E1DC /* FollowingView.swift */,
				A31DDF672AD6B68500CEAC70 /* UseFollowBuskingView.swift */,
				A30469AE2AC565EA00236412 /* MainView.swift */,
				A31DDF6B2AD6BB8800CEAC70 /* ArtistBuskingView.swift */,
				A3AD9BE92AC2D553008B5134 /* Assets.xcassets */,
				A3AD9BEB2AC2D553008B5134 /* Preview Content */,
				A31DDF692AD6B8B100CEAC70 /* Router.swift */,
			);
			path = MacLoginPrac;
			sourceTree = "<group>";
		};
		A3AD9BEB2AC2D553008B5134 /* Preview Content */ = {
			isa = PBXGroup;
			children = (
				A3AD9BEC2AC2D553008B5134 /* Preview Assets.xcassets */,
			);
			path = "Preview Content";
			sourceTree = "<group>";
		};
/* End PBXGroup section */

/* Begin PBXNativeTarget section */
		A3AD9BE12AC2D552008B5134 /* MacLoginPrac */ = {
			isa = PBXNativeTarget;
			buildConfigurationList = A3AD9BF02AC2D553008B5134 /* Build configuration list for PBXNativeTarget "MacLoginPrac" */;
			buildPhases = (
				A3AD9BDE2AC2D552008B5134 /* Sources */,
				A3AD9BDF2AC2D552008B5134 /* Frameworks */,
				A3AD9BE02AC2D552008B5134 /* Resources */,
			);
			buildRules = (
			);
			dependencies = (
			);
			name = MacLoginPrac;
			packageProductDependencies = (
				A3AD9BF42AC2D56D008B5134 /* Alamofire */,
			);
			productName = MacLoginPrac;
			productReference = A3AD9BE22AC2D552008B5134 /* MacLoginPrac.app */;
			productType = "com.apple.product-type.application";
		};
/* End PBXNativeTarget section */

/* Begin PBXProject section */
		A3AD9BDA2AC2D552008B5134 /* Project object */ = {
			isa = PBXProject;
			attributes = {
				BuildIndependentTargetsInParallel = 1;
				LastSwiftUpdateCheck = 1430;
				LastUpgradeCheck = 1430;
				TargetAttributes = {
					A3AD9BE12AC2D552008B5134 = {
						CreatedOnToolsVersion = 14.3.1;
					};
				};
			};
			buildConfigurationList = A3AD9BDD2AC2D552008B5134 /* Build configuration list for PBXProject "MacLoginPrac" */;
			compatibilityVersion = "Xcode 14.0";
			developmentRegion = en;
			hasScannedForEncodings = 0;
			knownRegions = (
				en,
				Base,
			);
			mainGroup = A3AD9BD92AC2D552008B5134;
			packageReferences = (
				A3AD9BF32AC2D56D008B5134 /* XCRemoteSwiftPackageReference "Alamofire" */,
			);
			productRefGroup = A3AD9BE32AC2D552008B5134 /* Products */;
			projectDirPath = "";
			projectRoot = "";
			targets = (
				A3AD9BE12AC2D552008B5134 /* MacLoginPrac */,
			);
		};
/* End PBXProject section */

/* Begin PBXResourcesBuildPhase section */
		A3AD9BE02AC2D552008B5134 /* Resources */ = {
			isa = PBXResourcesBuildPhase;
			buildActionMask = 2147483647;
			files = (
				A3AD9BED2AC2D553008B5134 /* Preview Assets.xcassets in Resources */,
				A3AD9BEA2AC2D553008B5134 /* Assets.xcassets in Resources */,
			);
			runOnlyForDeploymentPostprocessing = 0;
		};
/* End PBXResourcesBuildPhase section */

/* Begin PBXSourcesBuildPhase section */
		A3AD9BDE2AC2D552008B5134 /* Sources */ = {
			isa = PBXSourcesBuildPhase;
			buildActionMask = 2147483647;
			files = (
				A33917D82ACC1FFA00B0E1DC /* ArtistViewModel.swift in Sources */,
				A345576B2AD5830C00F3E4DA /* BuskingModel.swift in Sources */,
				A345576D2AD585BB00F3E4DA /* BuskingViewModel.swift in Sources */,
				A3C3F2C32AD1679B000185EF /* FollowViewModel.swift in Sources */,
				A31DDF6C2AD6BB8800CEAC70 /* ArtistBuskingView.swift in Sources */,
				A3AD9BE82AC2D552008B5134 /* SignUpView.swift in Sources */,
				A33917DA2ACC200C00B0E1DC /* ArtistModel.swift in Sources */,
				A30469AF2AC565EA00236412 /* MainView.swift in Sources */,
				A399C5AF2AD84547001EF1E6 /* MemberViewModel.swift in Sources */,
				A3D23EE12AC4721900BE8D59 /* LoginView.swift in Sources */,
				A31DDF6A2AD6B8B100CEAC70 /* Router.swift in Sources */,
				A3AD9BF92AC2F7BC008B5134 /* LoginViewModel.swift in Sources */,
				A31DDF682AD6B68500CEAC70 /* UseFollowBuskingView.swift in Sources */,
				A3AD9BFB2AC2FA6C008B5134 /* ProfileImageView.swift in Sources */,
				A399C5AD2AD84472001EF1E6 /* MemberModel.swift in Sources */,
				A3AD9BF72AC2EE79008B5134 /* UserModel.swift in Sources */,
				A3AD9BFD2AC2FAF5008B5134 /* ProfileCreateView.swift in Sources */,
				A33917DC2ACC202E00B0E1DC /* FollowingView.swift in Sources */,
				A3AD9BE62AC2D552008B5134 /* MacLoginPracApp.swift in Sources */,
			);
			runOnlyForDeploymentPostprocessing = 0;
		};
/* End PBXSourcesBuildPhase section */

/* Begin XCBuildConfiguration section */
		A3AD9BEE2AC2D553008B5134 /* Debug */ = {
			isa = XCBuildConfiguration;
			buildSettings = {
				ALWAYS_SEARCH_USER_PATHS = NO;
				CLANG_ANALYZER_NONNULL = YES;
				CLANG_ANALYZER_NUMBER_OBJECT_CONVERSION = YES_AGGRESSIVE;
				CLANG_CXX_LANGUAGE_STANDARD = "gnu++20";
				CLANG_ENABLE_MODULES = YES;
				CLANG_ENABLE_OBJC_ARC = YES;
				CLANG_ENABLE_OBJC_WEAK = YES;
				CLANG_WARN_BLOCK_CAPTURE_AUTORELEASING = YES;
				CLANG_WARN_BOOL_CONVERSION = YES;
				CLANG_WARN_COMMA = YES;
				CLANG_WARN_CONSTANT_CONVERSION = YES;
				CLANG_WARN_DEPRECATED_OBJC_IMPLEMENTATIONS = YES;
				CLANG_WARN_DIRECT_OBJC_ISA_USAGE = YES_ERROR;
				CLANG_WARN_DOCUMENTATION_COMMENTS = YES;
				CLANG_WARN_EMPTY_BODY = YES;
				CLANG_WARN_ENUM_CONVERSION = YES;
				CLANG_WARN_INFINITE_RECURSION = YES;
				CLANG_WARN_INT_CONVERSION = YES;
				CLANG_WARN_NON_LITERAL_NULL_CONVERSION = YES;
				CLANG_WARN_OBJC_IMPLICIT_RETAIN_SELF = YES;
				CLANG_WARN_OBJC_LITERAL_CONVERSION = YES;
				CLANG_WARN_OBJC_ROOT_CLASS = YES_ERROR;
				CLANG_WARN_QUOTED_INCLUDE_IN_FRAMEWORK_HEADER = YES;
				CLANG_WARN_RANGE_LOOP_ANALYSIS = YES;
				CLANG_WARN_STRICT_PROTOTYPES = YES;
				CLANG_WARN_SUSPICIOUS_MOVE = YES;
				CLANG_WARN_UNGUARDED_AVAILABILITY = YES_AGGRESSIVE;
				CLANG_WARN_UNREACHABLE_CODE = YES;
				CLANG_WARN__DUPLICATE_METHOD_MATCH = YES;
				COPY_PHASE_STRIP = NO;
				DEBUG_INFORMATION_FORMAT = dwarf;
				ENABLE_STRICT_OBJC_MSGSEND = YES;
				ENABLE_TESTABILITY = YES;
				GCC_C_LANGUAGE_STANDARD = gnu11;
				GCC_DYNAMIC_NO_PIC = NO;
				GCC_NO_COMMON_BLOCKS = YES;
				GCC_OPTIMIZATION_LEVEL = 0;
				GCC_PREPROCESSOR_DEFINITIONS = (
					"DEBUG=1",
					"$(inherited)",
				);
				GCC_WARN_64_TO_32_BIT_CONVERSION = YES;
				GCC_WARN_ABOUT_RETURN_TYPE = YES_ERROR;
				GCC_WARN_UNDECLARED_SELECTOR = YES;
				GCC_WARN_UNINITIALIZED_AUTOS = YES_AGGRESSIVE;
				GCC_WARN_UNUSED_FUNCTION = YES;
				GCC_WARN_UNUSED_VARIABLE = YES;
				IPHONEOS_DEPLOYMENT_TARGET = 16.4;
				MTL_ENABLE_DEBUG_INFO = INCLUDE_SOURCE;
				MTL_FAST_MATH = YES;
				ONLY_ACTIVE_ARCH = YES;
				SDKROOT = iphoneos;
				SWIFT_ACTIVE_COMPILATION_CONDITIONS = DEBUG;
				SWIFT_OPTIMIZATION_LEVEL = "-Onone";
			};
			name = Debug;
		};
		A3AD9BEF2AC2D553008B5134 /* Release */ = {
			isa = XCBuildConfiguration;
			buildSettings = {
				ALWAYS_SEARCH_USER_PATHS = NO;
				CLANG_ANALYZER_NONNULL = YES;
				CLANG_ANALYZER_NUMBER_OBJECT_CONVERSION = YES_AGGRESSIVE;
				CLANG_CXX_LANGUAGE_STANDARD = "gnu++20";
				CLANG_ENABLE_MODULES = YES;
				CLANG_ENABLE_OBJC_ARC = YES;
				CLANG_ENABLE_OBJC_WEAK = YES;
				CLANG_WARN_BLOCK_CAPTURE_AUTORELEASING = YES;
				CLANG_WARN_BOOL_CONVERSION = YES;
				CLANG_WARN_COMMA = YES;
				CLANG_WARN_CONSTANT_CONVERSION = YES;
				CLANG_WARN_DEPRECATED_OBJC_IMPLEMENTATIONS = YES;
				CLANG_WARN_DIRECT_OBJC_ISA_USAGE = YES_ERROR;
				CLANG_WARN_DOCUMENTATION_COMMENTS = YES;
				CLANG_WARN_EMPTY_BODY = YES;
				CLANG_WARN_ENUM_CONVERSION = YES;
				CLANG_WARN_INFINITE_RECURSION = YES;
				CLANG_WARN_INT_CONVERSION = YES;
				CLANG_WARN_NON_LITERAL_NULL_CONVERSION = YES;
				CLANG_WARN_OBJC_IMPLICIT_RETAIN_SELF = YES;
				CLANG_WARN_OBJC_LITERAL_CONVERSION = YES;
				CLANG_WARN_OBJC_ROOT_CLASS = YES_ERROR;
				CLANG_WARN_QUOTED_INCLUDE_IN_FRAMEWORK_HEADER = YES;
				CLANG_WARN_RANGE_LOOP_ANALYSIS = YES;
				CLANG_WARN_STRICT_PROTOTYPES = YES;
				CLANG_WARN_SUSPICIOUS_MOVE = YES;
				CLANG_WARN_UNGUARDED_AVAILABILITY = YES_AGGRESSIVE;
				CLANG_WARN_UNREACHABLE_CODE = YES;
				CLANG_WARN__DUPLICATE_METHOD_MATCH = YES;
				COPY_PHASE_STRIP = NO;
				DEBUG_INFORMATION_FORMAT = "dwarf-with-dsym";
				ENABLE_NS_ASSERTIONS = NO;
				ENABLE_STRICT_OBJC_MSGSEND = YES;
				GCC_C_LANGUAGE_STANDARD = gnu11;
				GCC_NO_COMMON_BLOCKS = YES;
				GCC_WARN_64_TO_32_BIT_CONVERSION = YES;
				GCC_WARN_ABOUT_RETURN_TYPE = YES_ERROR;
				GCC_WARN_UNDECLARED_SELECTOR = YES;
				GCC_WARN_UNINITIALIZED_AUTOS = YES_AGGRESSIVE;
				GCC_WARN_UNUSED_FUNCTION = YES;
				GCC_WARN_UNUSED_VARIABLE = YES;
				IPHONEOS_DEPLOYMENT_TARGET = 16.4;
				MTL_ENABLE_DEBUG_INFO = NO;
				MTL_FAST_MATH = YES;
				SDKROOT = iphoneos;
				SWIFT_COMPILATION_MODE = wholemodule;
				SWIFT_OPTIMIZATION_LEVEL = "-O";
				VALIDATE_PRODUCT = YES;
			};
			name = Release;
		};
		A3AD9BF12AC2D553008B5134 /* Debug */ = {
			isa = XCBuildConfiguration;
			buildSettings = {
				ASSETCATALOG_COMPILER_APPICON_NAME = AppIcon;
				ASSETCATALOG_COMPILER_GLOBAL_ACCENT_COLOR_NAME = AccentColor;
				CODE_SIGN_STYLE = Automatic;
				CURRENT_PROJECT_VERSION = 1;
				DEVELOPMENT_ASSET_PATHS = "\"MacLoginPrac/Preview Content\"";
				DEVELOPMENT_TEAM = TXFXCK9X9K;
				ENABLE_PREVIEWS = YES;
				GENERATE_INFOPLIST_FILE = YES;
				INFOPLIST_KEY_UIApplicationSceneManifest_Generation = YES;
				INFOPLIST_KEY_UIApplicationSupportsIndirectInputEvents = YES;
				INFOPLIST_KEY_UILaunchScreen_Generation = YES;
				INFOPLIST_KEY_UISupportedInterfaceOrientations_iPad = "UIInterfaceOrientationPortrait UIInterfaceOrientationPortraitUpsideDown UIInterfaceOrientationLandscapeLeft UIInterfaceOrientationLandscapeRight";
				INFOPLIST_KEY_UISupportedInterfaceOrientations_iPhone = "UIInterfaceOrientationPortrait UIInterfaceOrientationLandscapeLeft UIInterfaceOrientationLandscapeRight";
				LD_RUNPATH_SEARCH_PATHS = (
					"$(inherited)",
					"@executable_path/Frameworks",
				);
				MARKETING_VERSION = 1.0;
				PRODUCT_BUNDLE_IDENTIFIER = edu.stanford.cs193p.instructor.MacLoginPrac;
				PRODUCT_NAME = "$(TARGET_NAME)";
				SWIFT_EMIT_LOC_STRINGS = YES;
				SWIFT_VERSION = 5.0;
				TARGETED_DEVICE_FAMILY = "1,2";
			};
			name = Debug;
		};
		A3AD9BF22AC2D553008B5134 /* Release */ = {
			isa = XCBuildConfiguration;
			buildSettings = {
				ASSETCATALOG_COMPILER_APPICON_NAME = AppIcon;
				ASSETCATALOG_COMPILER_GLOBAL_ACCENT_COLOR_NAME = AccentColor;
				CODE_SIGN_STYLE = Automatic;
				CURRENT_PROJECT_VERSION = 1;
				DEVELOPMENT_ASSET_PATHS = "\"MacLoginPrac/Preview Content\"";
				DEVELOPMENT_TEAM = TXFXCK9X9K;
				ENABLE_PREVIEWS = YES;
				GENERATE_INFOPLIST_FILE = YES;
				INFOPLIST_KEY_UIApplicationSceneManifest_Generation = YES;
				INFOPLIST_KEY_UIApplicationSupportsIndirectInputEvents = YES;
				INFOPLIST_KEY_UILaunchScreen_Generation = YES;
				INFOPLIST_KEY_UISupportedInterfaceOrientations_iPad = "UIInterfaceOrientationPortrait UIInterfaceOrientationPortraitUpsideDown UIInterfaceOrientationLandscapeLeft UIInterfaceOrientationLandscapeRight";
				INFOPLIST_KEY_UISupportedInterfaceOrientations_iPhone = "UIInterfaceOrientationPortrait UIInterfaceOrientationLandscapeLeft UIInterfaceOrientationLandscapeRight";
				LD_RUNPATH_SEARCH_PATHS = (
					"$(inherited)",
					"@executable_path/Frameworks",
				);
				MARKETING_VERSION = 1.0;
				PRODUCT_BUNDLE_IDENTIFIER = edu.stanford.cs193p.instructor.MacLoginPrac;
				PRODUCT_NAME = "$(TARGET_NAME)";
				SWIFT_EMIT_LOC_STRINGS = YES;
				SWIFT_VERSION = 5.0;
				TARGETED_DEVICE_FAMILY = "1,2";
			};
			name = Release;
		};
/* End XCBuildConfiguration section */

/* Begin XCConfigurationList section */
		A3AD9BDD2AC2D552008B5134 /* Build configuration list for PBXProject "MacLoginPrac" */ = {
			isa = XCConfigurationList;
			buildConfigurations = (
				A3AD9BEE2AC2D553008B5134 /* Debug */,
				A3AD9BEF2AC2D553008B5134 /* Release */,
			);
			defaultConfigurationIsVisible = 0;
			defaultConfigurationName = Release;
		};
		A3AD9BF02AC2D553008B5134 /* Build configuration list for PBXNativeTarget "MacLoginPrac" */ = {
			isa = XCConfigurationList;
			buildConfigurations = (
				A3AD9BF12AC2D553008B5134 /* Debug */,
				A3AD9BF22AC2D553008B5134 /* Release */,
			);
			defaultConfigurationIsVisible = 0;
			defaultConfigurationName = Release;
		};
/* End XCConfigurationList section */

/* Begin XCRemoteSwiftPackageReference section */
		A3AD9BF32AC2D56D008B5134 /* XCRemoteSwiftPackageReference "Alamofire" */ = {
			isa = XCRemoteSwiftPackageReference;
			repositoryURL = "https://github.com/Alamofire/Alamofire.git";
			requirement = {
				kind = upToNextMajorVersion;
				minimumVersion = 5.0.0;
			};
		};
/* End XCRemoteSwiftPackageReference section */

/* Begin XCSwiftPackageProductDependency section */
		A3AD9BF42AC2D56D008B5134 /* Alamofire */ = {
			isa = XCSwiftPackageProductDependency;
			package = A3AD9BF32AC2D56D008B5134 /* XCRemoteSwiftPackageReference "Alamofire" */;
			productName = Alamofire;
		};
/* End XCSwiftPackageProductDependency section */
	};
	rootObject = A3AD9BDA2AC2D552008B5134 /* Project object */;
}
